// !$*UTF8*$!
{
	archiveVersion = 1;
	classes = {
	};
	objectVersion = 46;
	objects = {

/* Begin PBXBuildFile section */
		8A32342A13BD997400AACF1A /* AsyncSocket.m in Sources */ = {isa = PBXBuildFile; fileRef = 8A32341E13BD997400AACF1A /* AsyncSocket.m */; };
		8A32342B13BD997400AACF1A /* ServerController.m in Sources */ = {isa = PBXBuildFile; fileRef = 8A32342013BD997400AACF1A /* ServerController.m */; };
		8A32342C13BD997400AACF1A /* TBMessageBroker.m in Sources */ = {isa = PBXBuildFile; fileRef = 8A32342213BD997400AACF1A /* TBMessageBroker.m */; };
		8A32342D13BD997400AACF1A /* IKMessage.m in Sources */ = {isa = PBXBuildFile; fileRef = 8A32342613BD997400AACF1A /* IKMessage.m */; };
		8A32342E13BD997400AACF1A /* ClientController.m in Sources */ = {isa = PBXBuildFile; fileRef = 8A32342913BD997400AACF1A /* ClientController.m */; };
		8A32343013BD998600AACF1A /* CFNetwork.framework in Frameworks */ = {isa = PBXBuildFile; fileRef = 8A32342F13BD998600AACF1A /* CFNetwork.framework */; };
		8A5BC8EA13BD7FC000CB3911 /* UIKit.framework in Frameworks */ = {isa = PBXBuildFile; fileRef = 8A5BC8E913BD7FC000CB3911 /* UIKit.framework */; };
		8A5BC8EC13BD7FC000CB3911 /* Foundation.framework in Frameworks */ = {isa = PBXBuildFile; fileRef = 8A5BC8EB13BD7FC000CB3911 /* Foundation.framework */; };
		8A5BC8EE13BD7FC000CB3911 /* CoreGraphics.framework in Frameworks */ = {isa = PBXBuildFile; fileRef = 8A5BC8ED13BD7FC000CB3911 /* CoreGraphics.framework */; };
		8A5BC8F413BD7FC000CB3911 /* InfoPlist.strings in Resources */ = {isa = PBXBuildFile; fileRef = 8A5BC8F213BD7FC000CB3911 /* InfoPlist.strings */; };
		8A5BC8F613BD7FC000CB3911 /* main.m in Sources */ = {isa = PBXBuildFile; fileRef = 8A5BC8F513BD7FC000CB3911 /* main.m */; };
		8A5BC8FA13BD7FC000CB3911 /* iKeyStrokesAppDelegate.m in Sources */ = {isa = PBXBuildFile; fileRef = 8A5BC8F913BD7FC000CB3911 /* iKeyStrokesAppDelegate.m */; };
		8A5BC8FD13BD7FC000CB3911 /* MainStoryboard_iPhone.storyboard in Resources */ = {isa = PBXBuildFile; fileRef = 8A5BC8FB13BD7FC000CB3911 /* MainStoryboard_iPhone.storyboard */; };
		8A5BC90013BD7FC000CB3911 /* MainStoryboard_iPad.storyboard in Resources */ = {isa = PBXBuildFile; fileRef = 8A5BC8FE13BD7FC000CB3911 /* MainStoryboard_iPad.storyboard */; };
		8A5BC90213BD7FC000CB3911 /* iKeyStrokesViewController.h in Resources */ = {isa = PBXBuildFile; fileRef = 8A5BC90113BD7FC000CB3911 /* iKeyStrokesViewController.h */; };
		8A5BC90413BD7FC000CB3911 /* iKeyStrokesViewController.m in Sources */ = {isa = PBXBuildFile; fileRef = 8A5BC90313BD7FC000CB3911 /* iKeyStrokesViewController.m */; };
/* End PBXBuildFile section */

/* Begin PBXFileReference section */
		8A32341D13BD997400AACF1A /* AsyncSocket.h */ = {isa = PBXFileReference; fileEncoding = 4; lastKnownFileType = sourcecode.c.h; path = AsyncSocket.h; sourceTree = "<group>"; };
		8A32341E13BD997400AACF1A /* AsyncSocket.m */ = {isa = PBXFileReference; fileEncoding = 4; lastKnownFileType = sourcecode.c.objc; path = AsyncSocket.m; sourceTree = "<group>"; };
		8A32341F13BD997400AACF1A /* ServerController.h */ = {isa = PBXFileReference; fileEncoding = 4; lastKnownFileType = sourcecode.c.h; path = ServerController.h; sourceTree = "<group>"; };
		8A32342013BD997400AACF1A /* ServerController.m */ = {isa = PBXFileReference; fileEncoding = 4; lastKnownFileType = sourcecode.c.objc; path = ServerController.m; sourceTree = "<group>"; };
		8A32342113BD997400AACF1A /* TBMessageBroker.h */ = {isa = PBXFileReference; fileEncoding = 4; lastKnownFileType = sourcecode.c.h; path = TBMessageBroker.h; sourceTree = "<group>"; };
		8A32342213BD997400AACF1A /* TBMessageBroker.m */ = {isa = PBXFileReference; fileEncoding = 4; lastKnownFileType = sourcecode.c.objc; path = TBMessageBroker.m; sourceTree = "<group>"; };
		8A32342313BD997400AACF1A /* TBMessageBrokerProtocolDelegate.h */ = {isa = PBXFileReference; fileEncoding = 4; lastKnownFileType = sourcecode.c.h; path = TBMessageBrokerProtocolDelegate.h; sourceTree = "<group>"; };
		8A32342413BD997400AACF1A /* IKActionPassingProtocolDelegate.h */ = {isa = PBXFileReference; fileEncoding = 4; lastKnownFileType = sourcecode.c.h; path = IKActionPassingProtocolDelegate.h; sourceTree = "<group>"; };
		8A32342513BD997400AACF1A /* IKMessage.h */ = {isa = PBXFileReference; fileEncoding = 4; lastKnownFileType = sourcecode.c.h; path = IKMessage.h; sourceTree = "<group>"; };
		8A32342613BD997400AACF1A /* IKMessage.m */ = {isa = PBXFileReference; fileEncoding = 4; lastKnownFileType = sourcecode.c.objc; path = IKMessage.m; sourceTree = "<group>"; };
		8A32342713BD997400AACF1A /* ClientControllerProtocolDelegate.h */ = {isa = PBXFileReference; fileEncoding = 4; lastKnownFileType = sourcecode.c.h; path = ClientControllerProtocolDelegate.h; sourceTree = "<group>"; };
		8A32342813BD997400AACF1A /* ClientController.h */ = {isa = PBXFileReference; fileEncoding = 4; lastKnownFileType = sourcecode.c.h; path = ClientController.h; sourceTree = "<group>"; };
		8A32342913BD997400AACF1A /* ClientController.m */ = {isa = PBXFileReference; fileEncoding = 4; lastKnownFileType = sourcecode.c.objc; path = ClientController.m; sourceTree = "<group>"; };
		8A32342F13BD998600AACF1A /* CFNetwork.framework */ = {isa = PBXFileReference; lastKnownFileType = wrapper.framework; name = CFNetwork.framework; path = System/Library/Frameworks/CFNetwork.framework; sourceTree = SDKROOT; };
		8A5BC8E513BD7FC000CB3911 /* iKeyStrokes.app */ = {isa = PBXFileReference; explicitFileType = wrapper.application; includeInIndex = 0; path = iKeyStrokes.app; sourceTree = BUILT_PRODUCTS_DIR; };
		8A5BC8E913BD7FC000CB3911 /* UIKit.framework */ = {isa = PBXFileReference; lastKnownFileType = wrapper.framework; name = UIKit.framework; path = System/Library/Frameworks/UIKit.framework; sourceTree = SDKROOT; };
		8A5BC8EB13BD7FC000CB3911 /* Foundation.framework */ = {isa = PBXFileReference; lastKnownFileType = wrapper.framework; name = Foundation.framework; path = System/Library/Frameworks/Foundation.framework; sourceTree = SDKROOT; };
		8A5BC8ED13BD7FC000CB3911 /* CoreGraphics.framework */ = {isa = PBXFileReference; lastKnownFileType = wrapper.framework; name = CoreGraphics.framework; path = System/Library/Frameworks/CoreGraphics.framework; sourceTree = SDKROOT; };
		8A5BC8F113BD7FC000CB3911 /* iKeyStrokes-Info.plist */ = {isa = PBXFileReference; lastKnownFileType = text.plist.xml; path = "iKeyStrokes-Info.plist"; sourceTree = "<group>"; };
		8A5BC8F313BD7FC000CB3911 /* en */ = {isa = PBXFileReference; lastKnownFileType = text.plist.strings; name = en; path = en.lproj/InfoPlist.strings; sourceTree = "<group>"; };
		8A5BC8F513BD7FC000CB3911 /* main.m */ = {isa = PBXFileReference; lastKnownFileType = sourcecode.c.objc; path = main.m; sourceTree = "<group>"; };
		8A5BC8F713BD7FC000CB3911 /* iKeyStrokes-Prefix.pch */ = {isa = PBXFileReference; lastKnownFileType = sourcecode.c.h; path = "iKeyStrokes-Prefix.pch"; sourceTree = "<group>"; };
		8A5BC8F813BD7FC000CB3911 /* iKeyStrokesAppDelegate.h */ = {isa = PBXFileReference; lastKnownFileType = sourcecode.c.h; path = iKeyStrokesAppDelegate.h; sourceTree = "<group>"; };
		8A5BC8F913BD7FC000CB3911 /* iKeyStrokesAppDelegate.m */ = {isa = PBXFileReference; lastKnownFileType = sourcecode.c.objc; path = iKeyStrokesAppDelegate.m; sourceTree = "<group>"; };
		8A5BC8FC13BD7FC000CB3911 /* en */ = {isa = PBXFileReference; lastKnownFileType = file.storyboard; name = en; path = en.lproj/MainStoryboard_iPhone.storyboard; sourceTree = "<group>"; };
		8A5BC8FF13BD7FC000CB3911 /* en */ = {isa = PBXFileReference; lastKnownFileType = file.storyboard; name = en; path = en.lproj/MainStoryboard_iPad.storyboard; sourceTree = "<group>"; };
		8A5BC90113BD7FC000CB3911 /* iKeyStrokesViewController.h */ = {isa = PBXFileReference; lastKnownFileType = sourcecode.c.h; path = iKeyStrokesViewController.h; sourceTree = "<group>"; };
		8A5BC90313BD7FC000CB3911 /* iKeyStrokesViewController.m */ = {isa = PBXFileReference; lastKnownFileType = sourcecode.c.objc; path = iKeyStrokesViewController.m; sourceTree = "<group>"; };
/* End PBXFileReference section */

/* Begin PBXFrameworksBuildPhase section */
		8A5BC8E213BD7FC000CB3911 /* Frameworks */ = {
			isa = PBXFrameworksBuildPhase;
			buildActionMask = 2147483647;
			files = (
				8A32343013BD998600AACF1A /* CFNetwork.framework in Frameworks */,
				8A5BC8EA13BD7FC000CB3911 /* UIKit.framework in Frameworks */,
				8A5BC8EC13BD7FC000CB3911 /* Foundation.framework in Frameworks */,
				8A5BC8EE13BD7FC000CB3911 /* CoreGraphics.framework in Frameworks */,
			);
			runOnlyForDeploymentPostprocessing = 0;
		};
/* End PBXFrameworksBuildPhase section */

/* Begin PBXGroup section */
		8A5BC8DA13BD7FC000CB3911 = {
			isa = PBXGroup;
			children = (
				8A5BC8EF13BD7FC000CB3911 /* iKeyStrokes */,
				8A5BC8E813BD7FC000CB3911 /* Frameworks */,
				8A5BC8E613BD7FC000CB3911 /* Products */,
			);
			sourceTree = "<group>";
		};
		8A5BC8E613BD7FC000CB3911 /* Products */ = {
			isa = PBXGroup;
			children = (
				8A5BC8E513BD7FC000CB3911 /* iKeyStrokes.app */,
			);
			name = Products;
			sourceTree = "<group>";
		};
		8A5BC8E813BD7FC000CB3911 /* Frameworks */ = {
			isa = PBXGroup;
			children = (
				8A32342F13BD998600AACF1A /* CFNetwork.framework */,
				8A5BC8E913BD7FC000CB3911 /* UIKit.framework */,
				8A5BC8EB13BD7FC000CB3911 /* Foundation.framework */,
				8A5BC8ED13BD7FC000CB3911 /* CoreGraphics.framework */,
			);
			name = Frameworks;
			sourceTree = "<group>";
		};
		8A5BC8EF13BD7FC000CB3911 /* iKeyStrokes */ = {
			isa = PBXGroup;
			children = (
				8A5BC8F813BD7FC000CB3911 /* iKeyStrokesAppDelegate.h */,
				8A5BC8F913BD7FC000CB3911 /* iKeyStrokesAppDelegate.m */,
				8A5BC8FB13BD7FC000CB3911 /* MainStoryboard_iPhone.storyboard */,
				8A5BC8FE13BD7FC000CB3911 /* MainStoryboard_iPad.storyboard */,
				8A5BC90113BD7FC000CB3911 /* iKeyStrokesViewController.h */,
				8A5BC90313BD7FC000CB3911 /* iKeyStrokesViewController.m */,
				8A32341D13BD997400AACF1A /* AsyncSocket.h */,
				8A32341E13BD997400AACF1A /* AsyncSocket.m */,
				8A32341F13BD997400AACF1A /* ServerController.h */,
				8A32342013BD997400AACF1A /* ServerController.m */,
				8A32342113BD997400AACF1A /* TBMessageBroker.h */,
				8A32342213BD997400AACF1A /* TBMessageBroker.m */,
				8A32342313BD997400AACF1A /* TBMessageBrokerProtocolDelegate.h */,
				8A32342413BD997400AACF1A /* IKActionPassingProtocolDelegate.h */,
				8A32342513BD997400AACF1A /* IKMessage.h */,
				8A32342613BD997400AACF1A /* IKMessage.m */,
				8A32342713BD997400AACF1A /* ClientControllerProtocolDelegate.h */,
				8A32342813BD997400AACF1A /* ClientController.h */,
				8A32342913BD997400AACF1A /* ClientController.m */,
				8A5BC8F013BD7FC000CB3911 /* Supporting Files */,
			);
			path = iKeyStrokes;
			sourceTree = "<group>";
		};
		8A5BC8F013BD7FC000CB3911 /* Supporting Files */ = {
			isa = PBXGroup;
			children = (
				8A5BC8F113BD7FC000CB3911 /* iKeyStrokes-Info.plist */,
				8A5BC8F213BD7FC000CB3911 /* InfoPlist.strings */,
				8A5BC8F513BD7FC000CB3911 /* main.m */,
				8A5BC8F713BD7FC000CB3911 /* iKeyStrokes-Prefix.pch */,
			);
			name = "Supporting Files";
			sourceTree = "<group>";
		};
/* End PBXGroup section */

/* Begin PBXNativeTarget section */
		8A5BC8E413BD7FC000CB3911 /* iKeyStrokes */ = {
			isa = PBXNativeTarget;
			buildConfigurationList = 8A5BC90713BD7FC000CB3911 /* Build configuration list for PBXNativeTarget "iKeyStrokes" */;
			buildPhases = (
				8A5BC8E113BD7FC000CB3911 /* Sources */,
				8A5BC8E213BD7FC000CB3911 /* Frameworks */,
				8A5BC8E313BD7FC000CB3911 /* Resources */,
			);
			buildRules = (
			);
			dependencies = (
			);
			name = iKeyStrokes;
			productName = iKeyStrokes;
			productReference = 8A5BC8E513BD7FC000CB3911 /* iKeyStrokes.app */;
			productType = "com.apple.product-type.application";
		};
/* End PBXNativeTarget section */

/* Begin PBXProject section */
		8A5BC8DC13BD7FC000CB3911 /* Project object */ = {
			isa = PBXProject;
			attributes = {
				LastUpgradeCheck = 0420;
				ORGANIZATIONNAME = ChalmersTH;
			};
			buildConfigurationList = 8A5BC8DF13BD7FC000CB3911 /* Build configuration list for PBXProject "iKeyStrokes" */;
			compatibilityVersion = "Xcode 3.2";
			developmentRegion = English;
			hasScannedForEncodings = 0;
			knownRegions = (
				en,
			);
			mainGroup = 8A5BC8DA13BD7FC000CB3911;
			productRefGroup = 8A5BC8E613BD7FC000CB3911 /* Products */;
			projectDirPath = "";
			projectRoot = "";
			targets = (
				8A5BC8E413BD7FC000CB3911 /* iKeyStrokes */,
			);
		};
/* End PBXProject section */

/* Begin PBXResourcesBuildPhase section */
		8A5BC8E313BD7FC000CB3911 /* Resources */ = {
			isa = PBXResourcesBuildPhase;
			buildActionMask = 2147483647;
			files = (
				8A5BC8F413BD7FC000CB3911 /* InfoPlist.strings in Resources */,
				8A5BC8FD13BD7FC000CB3911 /* MainStoryboard_iPhone.storyboard in Resources */,
				8A5BC90013BD7FC000CB3911 /* MainStoryboard_iPad.storyboard in Resources */,
				8A5BC90213BD7FC000CB3911 /* iKeyStrokesViewController.h in Resources */,
			);
			runOnlyForDeploymentPostprocessing = 0;
		};
/* End PBXResourcesBuildPhase section */

/* Begin PBXSourcesBuildPhase section */
		8A5BC8E113BD7FC000CB3911 /* Sources */ = {
			isa = PBXSourcesBuildPhase;
			buildActionMask = 2147483647;
			files = (
				8A5BC8F613BD7FC000CB3911 /* main.m in Sources */,
				8A5BC8FA13BD7FC000CB3911 /* iKeyStrokesAppDelegate.m in Sources */,
				8A5BC90413BD7FC000CB3911 /* iKeyStrokesViewController.m in Sources */,
				8A32342A13BD997400AACF1A /* AsyncSocket.m in Sources */,
				8A32342B13BD997400AACF1A /* ServerController.m in Sources */,
				8A32342C13BD997400AACF1A /* TBMessageBroker.m in Sources */,
				8A32342D13BD997400AACF1A /* IKMessage.m in Sources */,
				8A32342E13BD997400AACF1A /* ClientController.m in Sources */,
			);
			runOnlyForDeploymentPostprocessing = 0;
		};
/* End PBXSourcesBuildPhase section */

/* Begin PBXVariantGroup section */
		8A5BC8F213BD7FC000CB3911 /* InfoPlist.strings */ = {
			isa = PBXVariantGroup;
			children = (
				8A5BC8F313BD7FC000CB3911 /* en */,
			);
			name = InfoPlist.strings;
			sourceTree = "<group>";
		};
		8A5BC8FB13BD7FC000CB3911 /* MainStoryboard_iPhone.storyboard */ = {
			isa = PBXVariantGroup;
			children = (
				8A5BC8FC13BD7FC000CB3911 /* en */,
			);
			name = MainStoryboard_iPhone.storyboard;
			sourceTree = "<group>";
		};
		8A5BC8FE13BD7FC000CB3911 /* MainStoryboard_iPad.storyboard */ = {
			isa = PBXVariantGroup;
			children = (
				8A5BC8FF13BD7FC000CB3911 /* en */,
			);
			name = MainStoryboard_iPad.storyboard;
			sourceTree = "<group>";
		};
/* End PBXVariantGroup section */

/* Begin XCBuildConfiguration section */
		8A5BC90513BD7FC000CB3911 /* Debug */ = {
			isa = XCBuildConfiguration;
			buildSettings = {
				ALWAYS_SEARCH_USER_PATHS = NO;
				ARCHS = "$(ARCHS_STANDARD_32_BIT)";
				CLANG_ENABLE_OBJC_ARC = NO;
				CLANG_WARN_OBJCPP_ARC_ABI = NO;
				"CODE_SIGN_IDENTITY[sdk=iphoneos*]" = "iPhone Developer";
				COPY_PHASE_STRIP = NO;
				GCC_C_LANGUAGE_STANDARD = gnu99;
				GCC_DYNAMIC_NO_PIC = NO;
				GCC_OPTIMIZATION_LEVEL = 0;
				GCC_PREPROCESSOR_DEFINITIONS = (
					"DEBUG=1",
					"$(inherited)",
				);
				GCC_SYMBOLS_PRIVATE_EXTERN = NO;
				GCC_VERSION = com.apple.compilers.llvm.clang.1_0;
				GCC_WARN_ABOUT_MISSING_PROTOTYPES = YES;
				GCC_WARN_ABOUT_RETURN_TYPE = YES;
				GCC_WARN_UNUSED_VARIABLE = YES;
				IPHONEOS_DEPLOYMENT_TARGET = 5.0;
				SDKROOT = iphoneos;
				TARGETED_DEVICE_FAMILY = "1,2";
			};
			name = Debug;
		};
		8A5BC90613BD7FC000CB3911 /* Release */ = {
			isa = XCBuildConfiguration;
			buildSettings = {
				ALWAYS_SEARCH_USER_PATHS = NO;
				ARCHS = "$(ARCHS_STANDARD_32_BIT)";
				CLANG_ENABLE_OBJC_ARC = NO;
				CLANG_WARN_OBJCPP_ARC_ABI = NO;
				"CODE_SIGN_IDENTITY[sdk=iphoneos*]" = "iPhone Developer";
				COPY_PHASE_STRIP = YES;
				GCC_C_LANGUAGE_STANDARD = gnu99;
				GCC_VERSION = com.apple.compilers.llvm.clang.1_0;
				GCC_WARN_ABOUT_MISSING_PROTOTYPES = YES;
				GCC_WARN_ABOUT_RETURN_TYPE = YES;
				GCC_WARN_UNUSED_VARIABLE = YES;
				IPHONEOS_DEPLOYMENT_TARGET = 5.0;
				OTHER_CFLAGS = "-DNS_BLOCK_ASSERTIONS=1";
				SDKROOT = iphoneos;
				TARGETED_DEVICE_FAMILY = "1,2";
				VALIDATE_PRODUCT = YES;
			};
			name = Release;
		};
		8A5BC90813BD7FC000CB3911 /* Debug */ = {
			isa = XCBuildConfiguration;
			buildSettings = {
				CLANG_ENABLE_OBJC_ARC = NO;
				GCC_PRECOMPILE_PREFIX_HEADER = YES;
				GCC_PREFIX_HEADER = "iKeyStrokes/iKeyStrokes-Prefix.pch";
				INFOPLIST_FILE = "iKeyStrokes/iKeyStrokes-Info.plist";
				PRODUCT_NAME = "$(TARGET_NAME)";
				WRAPPER_EXTENSION = app;
			};
			name = Debug;
		};
		8A5BC90913BD7FC000CB3911 /* Release */ = {
			isa = XCBuildConfiguration;
			buildSettings = {
				CLANG_ENABLE_OBJC_ARC = NO;
				GCC_PRECOMPILE_PREFIX_HEADER = YES;
				GCC_PREFIX_HEADER = "iKeyStrokes/iKeyStrokes-Prefix.pch";
				INFOPLIST_FILE = "iKeyStrokes/iKeyStrokes-Info.plist";
				PRODUCT_NAME = "$(TARGET_NAME)";
				WRAPPER_EXTENSION = app;
			};
			name = Release;
		};
/* End XCBuildConfiguration section */

/* Begin XCConfigurationList section */
		8A5BC8DF13BD7FC000CB3911 /* Build configuration list for PBXProject "iKeyStrokes" */ = {
			isa = XCConfigurationList;
			buildConfigurations = (
				8A5BC90513BD7FC000CB3911 /* Debug */,
				8A5BC90613BD7FC000CB3911 /* Release */,
			);
			defaultConfigurationIsVisible = 0;
			defaultConfigurationName = Release;
		};
		8A5BC90713BD7FC000CB3911 /* Build configuration list for PBXNativeTarget "iKeyStrokes" */ = {
			isa = XCConfigurationList;
			buildConfigurations = (
				8A5BC90813BD7FC000CB3911 /* Debug */,
				8A5BC90913BD7FC000CB3911 /* Release */,
			);
			defaultConfigurationIsVisible = 0;
			defaultConfigurationName = Release;
		};
/* End XCConfigurationList section */
	};
	rootObject = 8A5BC8DC13BD7FC000CB3911 /* Project object */;
}
